{
  "name": "ts-temp",
  "version": "1.0.0",
  "lockfileVersion": 1,
  "requires": true,
  "dependencies": {
    "@types/json5": {
      "version": "0.0.29",
      "resolved": "https://artifacthub-tip.oraclecorp.com/api/npm/npmjs-remote/@types/json5/-/json5-0.0.29.tgz",
      "integrity": "sha1-7ihweulOEdK4J7y+UnC86n8+ce4=",
      "dev": true,
      "optional": true
    },
    "arg": {
      "version": "4.1.3",
      "resolved": "https://artifacthub-tip.oraclecorp.com/api/npm/npmjs-remote/arg/-/arg-4.1.3.tgz",
      "integrity": "sha1-Jp/HrVuOQstjyJbVZmAXJhwUQIk=",
      "dev": true
    },
    "arrify": {
      "version": "1.0.1",
      "resolved": "https://artifacthub-tip.oraclecorp.com/api/npm/npmjs-remote/arrify/-/arrify-1.0.1.tgz",
      "integrity": "sha1-iYUI2iIm84DfkEcoRWhJwVAaSw0=",
      "dev": true
    },
    "buffer-from": {
      "version": "1.1.1",
      "resolved": "https://artifacthub-tip.oraclecorp.com/api/npm/npmjs-remote/buffer-from/-/buffer-from-1.1.1.tgz",
      "integrity": "sha1-MnE7wCj3XAL9txDXx7zsHyxgcO8=",
      "dev": true
    },
    "diff": {
      "version": "3.5.0",
      "resolved": "https://artifacthub-tip.oraclecorp.com/api/npm/npmjs-remote/diff/-/diff-3.5.0.tgz",
      "integrity": "sha1-gAwN0eCov7yVg1wgKtIg/jF+WhI=",
      "dev": true
    },
    "json5": {
      "version": "1.0.1",
      "resolved": "https://artifacthub-tip.oraclecorp.com/api/npm/npmjs-remote/json5/-/json5-1.0.1.tgz",
      "integrity": "sha1-d5+wAYYE+oVOrL9iUhgNg1Q+Pb4=",
      "dev": true,
      "optional": true,
      "requires": {
        "minimist": "^1.2.0"
      }
    },
    "make-error": {
      "version": "1.3.6",
      "resolved": "https://artifacthub-tip.oraclecorp.com/api/npm/npmjs-remote/make-error/-/make-error-1.3.6.tgz",
      "integrity": "sha1-LrLjfqm2fEiR9oShOUeZr0hM96I=",
      "dev": true
    },
    "minimist": {
      "version": "1.2.5",
      "resolved": "https://artifacthub-tip.oraclecorp.com/api/npm/npmjs-remote/minimist/-/minimist-1.2.5.tgz",
      "integrity": "sha1-Z9ZgFLZqaoqqDAg8X9WN9OTpdgI=",
      "dev": true
    },
    "mkdirp": {
      "version": "0.5.5",
      "resolved": "https://artifacthub-tip.oraclecorp.com/api/npm/npmjs-remote/mkdirp/-/mkdirp-0.5.5.tgz",
      "integrity": "sha1-2Rzv1i0UNsoPQWIOJRKI1CAJne8=",
      "dev": true,
      "requires": {
        "minimist": "^1.2.5"
      }
    },
    "source-map": {
      "version": "0.6.1",
      "resolved": "https://artifacthub-tip.oraclecorp.com/api/npm/npmjs-remote/source-map/-/source-map-0.6.1.tgz",
      "integrity": "sha1-dHIq8y6WFOnCh6jQu95IteLxomM=",
      "dev": true
    },
    "source-map-support": {
      "version": "0.5.19",
      "resolved": "https://artifacthub-tip.oraclecorp.com/api/npm/npmjs-remote/source-map-support/-/source-map-support-0.5.19.tgz",
      "integrity": "sha1-qYti+G3K9PZzmWSMCFKRq56P7WE=",
      "dev": true,
      "requires": {
        "buffer-from": "^1.0.0",
        "source-map": "^0.6.0"
      }
    },
    "strip-bom": {
      "version": "3.0.0",
      "resolved": "https://artifacthub-tip.oraclecorp.com/api/npm/npmjs-remote/strip-bom/-/strip-bom-3.0.0.tgz",
      "integrity": "sha1-IzTBjpx1n3vdVv3vfprj1YjmjtM=",
      "dev": true,
      "optional": true
    },
    "ts-mocha": {
      "version": "7.0.0",
      "resolved": "https://artifacthub-tip.oraclecorp.com/api/npm/npmjs-remote/ts-mocha/-/ts-mocha-7.0.0.tgz",
      "integrity": "sha1-8VSbSLRvU9euHcy7JjE8eHmssZA=",
      "dev": true,
      "requires": {
        "ts-node": "7.0.1",
        "tsconfig-paths": "^3.5.0"
      },
      "dependencies": {
        "ts-node": {
          "version": "7.0.1",
          "resolved": "https://artifacthub-tip.oraclecorp.com/api/npm/npmjs-remote/ts-node/-/ts-node-7.0.1.tgz",
          "integrity": "sha1-lWLcLR5tJI0kvFX3c+P2FDN9m68=",
          "dev": true,
          "requires": {
            "arrify": "^1.0.0",
            "buffer-from": "^1.1.0",
            "diff": "^3.1.0",
            "make-error": "^1.1.1",
            "minimist": "^1.2.0",
            "mkdirp": "^0.5.1",
            "source-map-support": "^0.5.6",
            "yn": "^2.0.0"
          }
        }
      }
    },
    "ts-node": {
      "version": "8.10.2",
      "resolved": "https://artifacthub-tip.oraclecorp.com/api/npm/npmjs-remote/ts-node/-/ts-node-8.10.2.tgz",
      "integrity": "sha1-7uA3ZGM7EjTd03+NuewQt17H+40=",
      "dev": true,
      "requires": {
        "arg": "^4.1.0",
        "diff": "^4.0.1",
        "make-error": "^1.1.1",
        "source-map-support": "^0.5.17",
        "yn": "3.1.1"
      },
      "dependencies": {
        "diff": {
          "version": "4.0.2",
          "resolved": "https://artifacthub-tip.oraclecorp.com/api/npm/npmjs-remote/diff/-/diff-4.0.2.tgz",
          "integrity": "sha1-YPOuy4nV+uUgwRqhnvwruYKq3n0=",
          "dev": true
        },
        "yn": {
          "version": "3.1.1",
          "resolved": "https://artifacthub-tip.oraclecorp.com/api/npm/npmjs-remote/yn/-/yn-3.1.1.tgz",
          "integrity": "sha1-HodAGgnXZ8HV6rJqbkwYUYLS61A=",
          "dev": true
        }
      }
    },
    "tsconfig-paths": {
      "version": "3.9.0",
      "resolved": "https://artifacthub-tip.oraclecorp.com/api/npm/npmjs-remote/tsconfig-paths/-/tsconfig-paths-3.9.0.tgz",
      "integrity": "sha1-CYVHpsREiAfo/Ljq4IEGTumjyQs=",
      "dev": true,
      "optional": true,
      "requires": {
        "@types/json5": "^0.0.29",
        "json5": "^1.0.1",
        "minimist": "^1.2.0",
        "strip-bom": "^3.0.0"
      }
    },
    "typescript": {
      "version": "3.9.6",
      "resolved": "https://artifacthub-tip.oraclecorp.com/api/npm/npmjs-remote/typescript/-/typescript-3.9.6.tgz",
      "integrity": "sha1-jz4BmKNMOuFwkbNVcdOv0xmZNlo=",
      "dev": true
    },
    "yn": {
      "version": "2.0.0",
      "resolved": "https://artifacthub-tip.oraclecorp.com/api/npm/npmjs-remote/yn/-/yn-2.0.0.tgz",
      "integrity": "sha1-5a2ryKz0CPY4X8dklWhMiOavaJo=",
      "dev": true
    }
  }
}
